<?xml version="1.0" encoding="utf-8"?>
<Project ToolsVersion="4.0" xmlns="http://schemas.microsoft.com/developer/msbuild/2003">
  <ItemGroup>
    <ClCompile Include="cJSON\cJSON.c" />
    <ClCompile Include="main.cpp" />
    <ClCompile Include="simple_upload.cpp" />
    <ClCompile Include="rs_stat.c" />
    <ClCompile Include="up_resume_upload.cpp" />
    <ClCompile Include="debug.cpp" />
    <ClCompile Include="cdn_create_timestamp_url.c" />
    <ClCompile Include="cdn_get_bandwidth_data.c" />
    <ClCompile Include="cdn_get_flux_data.c" />
    <ClCompile Include="cdn_get_log_list.c" />
    <ClCompile Include="cdn_prefetch_urls.c" />
    <ClCompile Include="cdn_refresh_dirs.c" />
    <ClCompile Include="cdn_refresh_urls.c" />
    <ClCompile Include="fop_video_avthumb.c" />
    <ClCompile Include="rs_batch_change_mime.c" />
    <ClCompile Include="rs_batch_change_type.c" />
    <ClCompile Include="rs_batch_copy.c" />
    <ClCompile Include="rs_batch_delete.c" />
    <ClCompile Include="rs_batch_delete_after_days.c" />
    <ClCompile Include="rs_batch_move.c" />
    <ClCompile Include="rs_batch_stat.c" />
    <ClCompile Include="rs_change_mime.c" />
    <ClCompile Include="rs_change_type.c" />
    <ClCompile Include="rs_copy.c" />
    <ClCompile Include="rs_delete.c" />
    <ClCompile Include="rs_delete_after_days.c" />
    <ClCompile Include="rs_fetch.c" />
    <ClCompile Include="rs_move.c" />
    <ClCompile Include="rs_prefetch.c" />
    <ClCompile Include="rsf_list_bucket.c" />
    <ClCompile Include="rsf_list_files.c" />
    <ClCompile Include="up_chunk_upload.c" />
    <ClCompile Include="up_create_uptoken.c" />
    <ClCompile Include="up_form_upload.c" />
    <ClCompile Include="up_resume_upload.c" />
  </ItemGroup>
  <ItemGroup>
    <ClInclude Include="cJSON\cJSON.h" />
    <ClInclude Include="simple_upload.h" />
    <ClInclude Include="debug.h" />
    <ClInclude Include="up_resume_upload.h" />
  </ItemGroup>
</Project>